
Microsoft Visual Studio Solution File, Format Version 11.00
# Visual Studio 2010
Project("{8BC9CEB8-8B4A-11D0-8D11-00A0C91BC942}") = "第二章练习-反弹球", "第二章练习-反弹球\第二章练习-反弹球.vcxproj", "{D48E1E08-F642-4A4D-8A04-259D9D622714}"
EndProject
Global
	GlobalSection(SolutionConfigurationPlatforms) = preSolution
		Debug|Win32 = Debug|Win32
		Release|Win32 = Release|Win32
	EndGlobalSection
	GlobalSection(ProjectConfigurationPlatforms) = postSolution
		{D48E1E08-F642-4A4D-8A04-259D9D622714}.Debug|Win32.ActiveCfg = Debug|Win32
		{D48E1E08-F642-4A4D-8A04-259D9D622714}.Debug|Win32.Build.0 = Debug|Win32
		{D48E1E08-F642-4A4D-8A04-259D9D622714}.Release|Win32.ActiveCfg = Release|Win32
		{D48E1E08-F642-4A4D-8A04-259D9D622714}.Release|Win32.Build.0 = Release|Win32
	EndGlobalSection
	GlobalSection(SolutionProperties) = preSolution
		HideSolutionNode = FALSE
	EndGlobalSection
EndGlobal
