
Microsoft Visual Studio Solution File, Format Version 11.00
# Visual Studio 2010
Project("{8BC9CEB8-8B4A-11D0-8D11-00A0C91BC942}") = "第三章实践-空战游戏", "第三章实践-空战游戏\第三章实践-空战游戏.vcxproj", "{502A77CF-7365-466F-9617-7B25830CEAFF}"
EndProject
Global
	GlobalSection(SolutionConfigurationPlatforms) = preSolution
		Debug|Win32 = Debug|Win32
		Release|Win32 = Release|Win32
	EndGlobalSection
	GlobalSection(ProjectConfigurationPlatforms) = postSolution
		{502A77CF-7365-466F-9617-7B25830CEAFF}.Debug|Win32.ActiveCfg = Debug|Win32
		{502A77CF-7365-466F-9617-7B25830CEAFF}.Debug|Win32.Build.0 = Debug|Win32
		{502A77CF-7365-466F-9617-7B25830CEAFF}.Release|Win32.ActiveCfg = Release|Win32
		{502A77CF-7365-466F-9617-7B25830CEAFF}.Release|Win32.Build.0 = Release|Win32
	EndGlobalSection
	GlobalSection(SolutionProperties) = preSolution
		HideSolutionNode = FALSE
	EndGlobalSection
EndGlobal
